
Microsoft Visual Studio Solution File, Format Version 12.00
# Visual Studio Version 17
VisualStudioVersion = 17.6.33829.357
MinimumVisualStudioVersion = 10.0.40219.1
Project("{2150E333-8FDC-42A3-9474-1A3956D46DE8}") = "NewsService", "NewsService", "{BE05177B-3316-4368-AE3E-483F6E09286E}"
EndProject
Project("{9A19103F-16F7-4668-BE54-9A1E7A4F7556}") = "Finik.NewsService.Core", "NewsService\Finik.NewsService.Core\Finik.NewsService.Core.csproj", "{3E9E103A-C5FD-44AB-B467-8C3A7B1655DC}"
EndProject
Project("{9A19103F-16F7-4668-BE54-9A1E7A4F7556}") = "Finik.NewsService.Infrastructure", "NewsService\Finik.NewsService.Infrastructure\Finik.NewsService.Infrastructure.csproj", "{1C0A20D6-F009-45EA-AB13-83071879ED38}"
EndProject
Project("{9A19103F-16F7-4668-BE54-9A1E7A4F7556}") = "Finik.NewsService.EfData", "NewsService\Finik.NewsService.EfData\Finik.NewsService.EfData.csproj", "{919FB539-1FF1-4AF4-A5AD-729C6D754D19}"
EndProject
Project("{9A19103F-16F7-4668-BE54-9A1E7A4F7556}") = "Finik.NewsService.Web", "NewsService\Finik.NewsService.Web\Finik.NewsService.Web.csproj", "{7058D30B-CD30-45AD-9463-E4BCE0C2D65C}"
EndProject
Project("{9A19103F-16F7-4668-BE54-9A1E7A4F7556}") = "Finik.NewsService.Models", "NewsService\Finik.NewsService.Models\Finik.NewsService.Models.csproj", "{2F975983-38F5-472C-9116-5BC0F4646FF2}"
EndProject
Project("{9A19103F-16F7-4668-BE54-9A1E7A4F7556}") = "Finik.NewsService.Contracts", "NewsService\Finik.NewsService.Contracts\Finik.NewsService.Contracts.csproj", "{096521C8-4989-41FC-B9BC-7E1DD636910B}"
EndProject
Project("{9A19103F-16F7-4668-BE54-9A1E7A4F7556}") = "Finik.NewsService.DbData", "NewsService\Finik.NewsService.DbData\Finik.NewsService.DbData.csproj", "{5573BA17-BBCE-4F52-85B6-46B5C1448533}"
EndProject
Project("{2150E333-8FDC-42A3-9474-1A3956D46DE8}") = "AuthService", "AuthService", "{690352E0-7A47-48C4-AFEA-47B75B6FE963}"
EndProject
Project("{9A19103F-16F7-4668-BE54-9A1E7A4F7556}") = "Finik.AuthService.Web", "AuthService\Finik.AuthService.Web\Finik.AuthService.Web.csproj", "{796C7757-9145-4723-8FE7-AC79EC5A5528}"
EndProject
Project("{9A19103F-16F7-4668-BE54-9A1E7A4F7556}") = "Finik.AuthService.Contracts", "AuthService\Finik.AuthService.Contracts\Finik.AuthService.Contracts.csproj", "{9136A5DB-5178-4110-B097-4B8CE70259B6}"
EndProject
Project("{9A19103F-16F7-4668-BE54-9A1E7A4F7556}") = "Finik.AuthService.DataAccess", "AuthService\Finik.AuthService.DataAccess\Finik.AuthService.DataAccess.csproj", "{DD943AE2-5DAE-42D6-B313-4ABD48B45CCD}"
EndProject
Project("{9A19103F-16F7-4668-BE54-9A1E7A4F7556}") = "Finik.AuthService.Domain", "AuthService\Finik.AuthService.Domain\Finik.AuthService.Domain.csproj", "{F4D63465-9DA7-4238-849D-4A8528693B26}"
EndProject
Project("{9A19103F-16F7-4668-BE54-9A1E7A4F7556}") = "Finik.AuthService.EF", "AuthService\Finik.AuthService.EF\Finik.AuthService.EF.csproj", "{D091F49B-9581-4AC3-A091-1CF6597D8E94}"
EndProject
Project("{2150E333-8FDC-42A3-9474-1A3956D46DE8}") = "StocksAndСompanies", "StocksAndСompanies", "{925B1148-564A-47F8-BE00-1C4463AD8676}"
EndProject
Project("{2150E333-8FDC-42A3-9474-1A3956D46DE8}") = "MainPage", "MainPage", "{D3320035-9C4A-47B1-857B-BF45213763DC}"
EndProject
Project("{2150E333-8FDC-42A3-9474-1A3956D46DE8}") = "Frontend", "Frontend", "{8F1069F8-A60E-4F60-8E13-F0E3865A0114}"
EndProject
Project("{9A19103F-16F7-4668-BE54-9A1E7A4F7556}") = "Finik.StocksAndCompanies.EfData", "StocksAndCompanies\Finik.StocksAndCompanies.EfData\Finik.StocksAndCompanies.EfData.csproj", "{A5D64D91-0A82-427E-B8EC-7E24B906C16F}"
EndProject
Project("{9A19103F-16F7-4668-BE54-9A1E7A4F7556}") = "Finik.StocksAndCompanies.WebApi", "StocksAndCompanies\Finik.StocksAndCompanies.WebApi\Finik.StocksAndCompanies.WebApi.csproj", "{4FC34EAD-F9E4-49DD-A580-0A120B372297}"
EndProject
Project("{9A19103F-16F7-4668-BE54-9A1E7A4F7556}") = "Finik.StocksAndСompanies.Core", "StocksAndCompanies\Finik.StocksAndСompanies.Core\Finik.StocksAndСompanies.Core.csproj", "{5F0481AC-DE80-41B3-94CA-0582B7B961BA}"
EndProject
Project("{9A19103F-16F7-4668-BE54-9A1E7A4F7556}") = "Finik.AuthService.Core", "AuthService\Finik.AuthService.Core\Finik.AuthService.Core.csproj", "{84BC7C9F-C53B-4C0F-8C2A-6CAD75E3CB81}"
EndProject
Project("{9A19103F-16F7-4668-BE54-9A1E7A4F7556}") = "Finik.AuthService.Services", "AuthService\Finik.AuthService.Services\Finik.AuthService.Services.csproj", "{4A9E6709-B1F3-4E2C-BB08-90C6FDA021BD}"
EndProject
Global
	GlobalSection(SolutionConfigurationPlatforms) = preSolution
		Debug|Any CPU = Debug|Any CPU
		Release|Any CPU = Release|Any CPU
	EndGlobalSection
	GlobalSection(ProjectConfigurationPlatforms) = postSolution
		{3E9E103A-C5FD-44AB-B467-8C3A7B1655DC}.Debug|Any CPU.ActiveCfg = Debug|Any CPU
		{3E9E103A-C5FD-44AB-B467-8C3A7B1655DC}.Debug|Any CPU.Build.0 = Debug|Any CPU
		{3E9E103A-C5FD-44AB-B467-8C3A7B1655DC}.Release|Any CPU.ActiveCfg = Release|Any CPU
		{3E9E103A-C5FD-44AB-B467-8C3A7B1655DC}.Release|Any CPU.Build.0 = Release|Any CPU
		{1C0A20D6-F009-45EA-AB13-83071879ED38}.Debug|Any CPU.ActiveCfg = Debug|Any CPU
		{1C0A20D6-F009-45EA-AB13-83071879ED38}.Debug|Any CPU.Build.0 = Debug|Any CPU
		{1C0A20D6-F009-45EA-AB13-83071879ED38}.Release|Any CPU.ActiveCfg = Release|Any CPU
		{1C0A20D6-F009-45EA-AB13-83071879ED38}.Release|Any CPU.Build.0 = Release|Any CPU
		{919FB539-1FF1-4AF4-A5AD-729C6D754D19}.Debug|Any CPU.ActiveCfg = Debug|Any CPU
		{919FB539-1FF1-4AF4-A5AD-729C6D754D19}.Debug|Any CPU.Build.0 = Debug|Any CPU
		{919FB539-1FF1-4AF4-A5AD-729C6D754D19}.Release|Any CPU.ActiveCfg = Release|Any CPU
		{919FB539-1FF1-4AF4-A5AD-729C6D754D19}.Release|Any CPU.Build.0 = Release|Any CPU
		{7058D30B-CD30-45AD-9463-E4BCE0C2D65C}.Debug|Any CPU.ActiveCfg = Debug|Any CPU
		{7058D30B-CD30-45AD-9463-E4BCE0C2D65C}.Debug|Any CPU.Build.0 = Debug|Any CPU
		{7058D30B-CD30-45AD-9463-E4BCE0C2D65C}.Release|Any CPU.ActiveCfg = Release|Any CPU
		{7058D30B-CD30-45AD-9463-E4BCE0C2D65C}.Release|Any CPU.Build.0 = Release|Any CPU
		{2F975983-38F5-472C-9116-5BC0F4646FF2}.Debug|Any CPU.ActiveCfg = Debug|Any CPU
		{2F975983-38F5-472C-9116-5BC0F4646FF2}.Debug|Any CPU.Build.0 = Debug|Any CPU
		{2F975983-38F5-472C-9116-5BC0F4646FF2}.Release|Any CPU.ActiveCfg = Release|Any CPU
		{2F975983-38F5-472C-9116-5BC0F4646FF2}.Release|Any CPU.Build.0 = Release|Any CPU
		{096521C8-4989-41FC-B9BC-7E1DD636910B}.Debug|Any CPU.ActiveCfg = Debug|Any CPU
		{096521C8-4989-41FC-B9BC-7E1DD636910B}.Debug|Any CPU.Build.0 = Debug|Any CPU
		{096521C8-4989-41FC-B9BC-7E1DD636910B}.Release|Any CPU.ActiveCfg = Release|Any CPU
		{096521C8-4989-41FC-B9BC-7E1DD636910B}.Release|Any CPU.Build.0 = Release|Any CPU
		{5573BA17-BBCE-4F52-85B6-46B5C1448533}.Debug|Any CPU.ActiveCfg = Debug|Any CPU
		{5573BA17-BBCE-4F52-85B6-46B5C1448533}.Debug|Any CPU.Build.0 = Debug|Any CPU
		{5573BA17-BBCE-4F52-85B6-46B5C1448533}.Release|Any CPU.ActiveCfg = Release|Any CPU
		{5573BA17-BBCE-4F52-85B6-46B5C1448533}.Release|Any CPU.Build.0 = Release|Any CPU
		{796C7757-9145-4723-8FE7-AC79EC5A5528}.Debug|Any CPU.ActiveCfg = Debug|Any CPU
		{796C7757-9145-4723-8FE7-AC79EC5A5528}.Debug|Any CPU.Build.0 = Debug|Any CPU
		{796C7757-9145-4723-8FE7-AC79EC5A5528}.Release|Any CPU.ActiveCfg = Release|Any CPU
		{796C7757-9145-4723-8FE7-AC79EC5A5528}.Release|Any CPU.Build.0 = Release|Any CPU
		{9136A5DB-5178-4110-B097-4B8CE70259B6}.Debug|Any CPU.ActiveCfg = Debug|Any CPU
		{9136A5DB-5178-4110-B097-4B8CE70259B6}.Debug|Any CPU.Build.0 = Debug|Any CPU
		{9136A5DB-5178-4110-B097-4B8CE70259B6}.Release|Any CPU.ActiveCfg = Release|Any CPU
		{9136A5DB-5178-4110-B097-4B8CE70259B6}.Release|Any CPU.Build.0 = Release|Any CPU
		{DD943AE2-5DAE-42D6-B313-4ABD48B45CCD}.Debug|Any CPU.ActiveCfg = Debug|Any CPU
		{DD943AE2-5DAE-42D6-B313-4ABD48B45CCD}.Debug|Any CPU.Build.0 = Debug|Any CPU
		{DD943AE2-5DAE-42D6-B313-4ABD48B45CCD}.Release|Any CPU.ActiveCfg = Release|Any CPU
		{DD943AE2-5DAE-42D6-B313-4ABD48B45CCD}.Release|Any CPU.Build.0 = Release|Any CPU
		{F4D63465-9DA7-4238-849D-4A8528693B26}.Debug|Any CPU.ActiveCfg = Debug|Any CPU
		{F4D63465-9DA7-4238-849D-4A8528693B26}.Debug|Any CPU.Build.0 = Debug|Any CPU
		{F4D63465-9DA7-4238-849D-4A8528693B26}.Release|Any CPU.ActiveCfg = Release|Any CPU
		{F4D63465-9DA7-4238-849D-4A8528693B26}.Release|Any CPU.Build.0 = Release|Any CPU
		{D091F49B-9581-4AC3-A091-1CF6597D8E94}.Debug|Any CPU.ActiveCfg = Debug|Any CPU
		{D091F49B-9581-4AC3-A091-1CF6597D8E94}.Debug|Any CPU.Build.0 = Debug|Any CPU
		{D091F49B-9581-4AC3-A091-1CF6597D8E94}.Release|Any CPU.ActiveCfg = Release|Any CPU
		{D091F49B-9581-4AC3-A091-1CF6597D8E94}.Release|Any CPU.Build.0 = Release|Any CPU
		{A5D64D91-0A82-427E-B8EC-7E24B906C16F}.Debug|Any CPU.ActiveCfg = Debug|Any CPU
		{A5D64D91-0A82-427E-B8EC-7E24B906C16F}.Debug|Any CPU.Build.0 = Debug|Any CPU
		{A5D64D91-0A82-427E-B8EC-7E24B906C16F}.Release|Any CPU.ActiveCfg = Release|Any CPU
		{A5D64D91-0A82-427E-B8EC-7E24B906C16F}.Release|Any CPU.Build.0 = Release|Any CPU
		{4FC34EAD-F9E4-49DD-A580-0A120B372297}.Debug|Any CPU.ActiveCfg = Debug|Any CPU
		{4FC34EAD-F9E4-49DD-A580-0A120B372297}.Debug|Any CPU.Build.0 = Debug|Any CPU
		{4FC34EAD-F9E4-49DD-A580-0A120B372297}.Release|Any CPU.ActiveCfg = Release|Any CPU
		{4FC34EAD-F9E4-49DD-A580-0A120B372297}.Release|Any CPU.Build.0 = Release|Any CPU
		{5F0481AC-DE80-41B3-94CA-0582B7B961BA}.Debug|Any CPU.ActiveCfg = Debug|Any CPU
		{5F0481AC-DE80-41B3-94CA-0582B7B961BA}.Debug|Any CPU.Build.0 = Debug|Any CPU
		{5F0481AC-DE80-41B3-94CA-0582B7B961BA}.Release|Any CPU.ActiveCfg = Release|Any CPU
		{5F0481AC-DE80-41B3-94CA-0582B7B961BA}.Release|Any CPU.Build.0 = Release|Any CPU
		{84BC7C9F-C53B-4C0F-8C2A-6CAD75E3CB81}.Debug|Any CPU.ActiveCfg = Debug|Any CPU
		{84BC7C9F-C53B-4C0F-8C2A-6CAD75E3CB81}.Debug|Any CPU.Build.0 = Debug|Any CPU
		{84BC7C9F-C53B-4C0F-8C2A-6CAD75E3CB81}.Release|Any CPU.ActiveCfg = Release|Any CPU
		{84BC7C9F-C53B-4C0F-8C2A-6CAD75E3CB81}.Release|Any CPU.Build.0 = Release|Any CPU
		{4A9E6709-B1F3-4E2C-BB08-90C6FDA021BD}.Debug|Any CPU.ActiveCfg = Debug|Any CPU
		{4A9E6709-B1F3-4E2C-BB08-90C6FDA021BD}.Debug|Any CPU.Build.0 = Debug|Any CPU
		{4A9E6709-B1F3-4E2C-BB08-90C6FDA021BD}.Release|Any CPU.ActiveCfg = Release|Any CPU
		{4A9E6709-B1F3-4E2C-BB08-90C6FDA021BD}.Release|Any CPU.Build.0 = Release|Any CPU
	EndGlobalSection
	GlobalSection(SolutionProperties) = preSolution
		HideSolutionNode = FALSE
	EndGlobalSection
	GlobalSection(NestedProjects) = preSolution
		{3E9E103A-C5FD-44AB-B467-8C3A7B1655DC} = {BE05177B-3316-4368-AE3E-483F6E09286E}
		{1C0A20D6-F009-45EA-AB13-83071879ED38} = {BE05177B-3316-4368-AE3E-483F6E09286E}
		{919FB539-1FF1-4AF4-A5AD-729C6D754D19} = {BE05177B-3316-4368-AE3E-483F6E09286E}
		{7058D30B-CD30-45AD-9463-E4BCE0C2D65C} = {BE05177B-3316-4368-AE3E-483F6E09286E}
		{2F975983-38F5-472C-9116-5BC0F4646FF2} = {BE05177B-3316-4368-AE3E-483F6E09286E}
		{096521C8-4989-41FC-B9BC-7E1DD636910B} = {BE05177B-3316-4368-AE3E-483F6E09286E}
		{5573BA17-BBCE-4F52-85B6-46B5C1448533} = {BE05177B-3316-4368-AE3E-483F6E09286E}
		{796C7757-9145-4723-8FE7-AC79EC5A5528} = {690352E0-7A47-48C4-AFEA-47B75B6FE963}
		{9136A5DB-5178-4110-B097-4B8CE70259B6} = {690352E0-7A47-48C4-AFEA-47B75B6FE963}
		{DD943AE2-5DAE-42D6-B313-4ABD48B45CCD} = {690352E0-7A47-48C4-AFEA-47B75B6FE963}
		{F4D63465-9DA7-4238-849D-4A8528693B26} = {690352E0-7A47-48C4-AFEA-47B75B6FE963}
		{D091F49B-9581-4AC3-A091-1CF6597D8E94} = {690352E0-7A47-48C4-AFEA-47B75B6FE963}
		{A5D64D91-0A82-427E-B8EC-7E24B906C16F} = {925B1148-564A-47F8-BE00-1C4463AD8676}
		{4FC34EAD-F9E4-49DD-A580-0A120B372297} = {925B1148-564A-47F8-BE00-1C4463AD8676}
		{5F0481AC-DE80-41B3-94CA-0582B7B961BA} = {925B1148-564A-47F8-BE00-1C4463AD8676}
		{84BC7C9F-C53B-4C0F-8C2A-6CAD75E3CB81} = {690352E0-7A47-48C4-AFEA-47B75B6FE963}
		{4A9E6709-B1F3-4E2C-BB08-90C6FDA021BD} = {690352E0-7A47-48C4-AFEA-47B75B6FE963}
	EndGlobalSection
	GlobalSection(ExtensibilityGlobals) = postSolution
		SolutionGuid = {EAB70B0D-69E0-4E05-968C-901A4AE42984}
	EndGlobalSection
EndGlobal
