
Microsoft Visual Studio Solution File, Format Version 12.00
# Visual Studio Version 17
VisualStudioVersion = 17.6.33829.357
MinimumVisualStudioVersion = 10.0.40219.1
Project("{9A19103F-16F7-4668-BE54-9A1E7A4F7556}") = "Finik.Core", "Finik.Core\Finik.Core.csproj", "{3E9E103A-C5FD-44AB-B467-8C3A7B1655DC}"
EndProject
Project("{9A19103F-16F7-4668-BE54-9A1E7A4F7556}") = "Finik.Infrastructure", "Finik.Infrastructure\Finik.Infrastructure.csproj", "{1C0A20D6-F009-45EA-AB13-83071879ED38}"
EndProject
Project("{9A19103F-16F7-4668-BE54-9A1E7A4F7556}") = "Finik.EfData", "Finik.EfData\Finik.EfData.csproj", "{919FB539-1FF1-4AF4-A5AD-729C6D754D19}"
EndProject
Project("{9A19103F-16F7-4668-BE54-9A1E7A4F7556}") = "Finik.Web", "Finik.Web\Finik.Web.csproj", "{7058D30B-CD30-45AD-9463-E4BCE0C2D65C}"
EndProject
Project("{9A19103F-16F7-4668-BE54-9A1E7A4F7556}") = "Finik.Models", "Finik.Models\Finik.Models.csproj", "{2F975983-38F5-472C-9116-5BC0F4646FF2}"
EndProject
Project("{FAE04EC0-301F-11D3-BF4B-00C04F79EFBC}") = "Finik.Contracts", "Finik.Contracts\Finik.Contracts.csproj", "{096521C8-4989-41FC-B9BC-7E1DD636910B}"
EndProject
Project("{FAE04EC0-301F-11D3-BF4B-00C04F79EFBC}") = "Finik.DbData", "Finik.DbData\Finik.DbData.csproj", "{5573BA17-BBCE-4F52-85B6-46B5C1448533}"
EndProject
Global
	GlobalSection(SolutionConfigurationPlatforms) = preSolution
		Debug|Any CPU = Debug|Any CPU
		Release|Any CPU = Release|Any CPU
	EndGlobalSection
	GlobalSection(ProjectConfigurationPlatforms) = postSolution
		{3E9E103A-C5FD-44AB-B467-8C3A7B1655DC}.Debug|Any CPU.ActiveCfg = Debug|Any CPU
		{3E9E103A-C5FD-44AB-B467-8C3A7B1655DC}.Debug|Any CPU.Build.0 = Debug|Any CPU
		{3E9E103A-C5FD-44AB-B467-8C3A7B1655DC}.Release|Any CPU.ActiveCfg = Release|Any CPU
		{3E9E103A-C5FD-44AB-B467-8C3A7B1655DC}.Release|Any CPU.Build.0 = Release|Any CPU
		{1C0A20D6-F009-45EA-AB13-83071879ED38}.Debug|Any CPU.ActiveCfg = Debug|Any CPU
		{1C0A20D6-F009-45EA-AB13-83071879ED38}.Debug|Any CPU.Build.0 = Debug|Any CPU
		{1C0A20D6-F009-45EA-AB13-83071879ED38}.Release|Any CPU.ActiveCfg = Release|Any CPU
		{1C0A20D6-F009-45EA-AB13-83071879ED38}.Release|Any CPU.Build.0 = Release|Any CPU
		{919FB539-1FF1-4AF4-A5AD-729C6D754D19}.Debug|Any CPU.ActiveCfg = Debug|Any CPU
		{919FB539-1FF1-4AF4-A5AD-729C6D754D19}.Debug|Any CPU.Build.0 = Debug|Any CPU
		{919FB539-1FF1-4AF4-A5AD-729C6D754D19}.Release|Any CPU.ActiveCfg = Release|Any CPU
		{919FB539-1FF1-4AF4-A5AD-729C6D754D19}.Release|Any CPU.Build.0 = Release|Any CPU
		{7058D30B-CD30-45AD-9463-E4BCE0C2D65C}.Debug|Any CPU.ActiveCfg = Debug|Any CPU
		{7058D30B-CD30-45AD-9463-E4BCE0C2D65C}.Debug|Any CPU.Build.0 = Debug|Any CPU
		{7058D30B-CD30-45AD-9463-E4BCE0C2D65C}.Release|Any CPU.ActiveCfg = Release|Any CPU
		{7058D30B-CD30-45AD-9463-E4BCE0C2D65C}.Release|Any CPU.Build.0 = Release|Any CPU
		{2F975983-38F5-472C-9116-5BC0F4646FF2}.Debug|Any CPU.ActiveCfg = Debug|Any CPU
		{2F975983-38F5-472C-9116-5BC0F4646FF2}.Debug|Any CPU.Build.0 = Debug|Any CPU
		{2F975983-38F5-472C-9116-5BC0F4646FF2}.Release|Any CPU.ActiveCfg = Release|Any CPU
		{2F975983-38F5-472C-9116-5BC0F4646FF2}.Release|Any CPU.Build.0 = Release|Any CPU
		{096521C8-4989-41FC-B9BC-7E1DD636910B}.Debug|Any CPU.ActiveCfg = Debug|Any CPU
		{096521C8-4989-41FC-B9BC-7E1DD636910B}.Debug|Any CPU.Build.0 = Debug|Any CPU
		{096521C8-4989-41FC-B9BC-7E1DD636910B}.Release|Any CPU.ActiveCfg = Release|Any CPU
		{096521C8-4989-41FC-B9BC-7E1DD636910B}.Release|Any CPU.Build.0 = Release|Any CPU
		{5573BA17-BBCE-4F52-85B6-46B5C1448533}.Debug|Any CPU.ActiveCfg = Debug|Any CPU
		{5573BA17-BBCE-4F52-85B6-46B5C1448533}.Debug|Any CPU.Build.0 = Debug|Any CPU
		{5573BA17-BBCE-4F52-85B6-46B5C1448533}.Release|Any CPU.ActiveCfg = Release|Any CPU
		{5573BA17-BBCE-4F52-85B6-46B5C1448533}.Release|Any CPU.Build.0 = Release|Any CPU
	EndGlobalSection
	GlobalSection(SolutionProperties) = preSolution
		HideSolutionNode = FALSE
	EndGlobalSection
	GlobalSection(ExtensibilityGlobals) = postSolution
		SolutionGuid = {EAB70B0D-69E0-4E05-968C-901A4AE42984}
	EndGlobalSection
EndGlobal
